
Microsoft Visual Studio Solution File, Format Version 12.00
# Visual Studio Version 17
VisualStudioVersion = 17.8.34330.188
MinimumVisualStudioVersion = 10.0.40219.1
Project("{FAE04EC0-301F-11D3-BF4B-00C04F79EFBC}") = "cancellation-token-csharp", "cancellation-token-csharp.csproj", "{72D061F8-A56E-428E-B3A4-4E8CB2F932FD}"
EndProject
Global
	GlobalSection(SolutionConfigurationPlatforms) = preSolution
		Debug|Any CPU = Debug|Any CPU
		Release|Any CPU = Release|Any CPU
	EndGlobalSection
	GlobalSection(ProjectConfigurationPlatforms) = postSolution
		{72D061F8-A56E-428E-B3A4-4E8CB2F932FD}.Debug|Any CPU.ActiveCfg = Debug|Any CPU
		{72D061F8-A56E-428E-B3A4-4E8CB2F932FD}.Debug|Any CPU.Build.0 = Debug|Any CPU
		{72D061F8-A56E-428E-B3A4-4E8CB2F932FD}.Release|Any CPU.ActiveCfg = Release|Any CPU
		{72D061F8-A56E-428E-B3A4-4E8CB2F932FD}.Release|Any CPU.Build.0 = Release|Any CPU
	EndGlobalSection
	GlobalSection(SolutionProperties) = preSolution
		HideSolutionNode = FALSE
	EndGlobalSection
	GlobalSection(ExtensibilityGlobals) = postSolution
		SolutionGuid = {852748C2-7C01-48F7-BDD4-2617C018A4A1}
	EndGlobalSection
EndGlobal
